<Solution>
  <Project Path="OnslaughtCareerEditor.AppCore.Tests/OnslaughtCareerEditor.AppCore.Tests.csproj" />
  <Project Path="OnslaughtCareerEditor.AppCore.Host/OnslaughtCareerEditor.AppCore.Host.csproj" />
  <Project Path="OnslaughtCareerEditor.AppCore/OnslaughtCareerEditor.AppCore.csproj" />
  <Project Path="OnslaughtCareerEditor.Cli/OnslaughtCareerEditor.Cli.csproj" />
  <Project Path="OnslaughtCareerEditor.UiTests/OnslaughtCareerEditor.UiTests.csproj" />
</Solution>
