{
  "name": "onslaught-career-editor-workspace",
  "version": "1.0.10",
  "lockfileVersion": 3,
  "requires": true,
  "packages": {
    "": {
      "name": "onslaught-career-editor-workspace",
      "version": "1.0.10",
      "engines": {
        "node": ">=24 <25",
        "npm": ">=11.12 <12"
      }
    }
  }
}
