{
  "version": 1,
  "dependencies": {
    "net8.0": {
      "Godot.SourceGenerators": {
        "type": "Direct",
        "requested": "[4.7.2, )",
        "resolved": "4.7.2",
        "contentHash": "PeYESFlRxlmeClrPhlMINhVvt2HiKnx2Ux/FYA10rimDevHljji3/jmRZOMo9XDNQsZzPH4uQmDyPgQgzTFvAg=="
      },
      "GodotSharp": {
        "type": "Direct",
        "requested": "[4.7.2, )",
        "resolved": "4.7.2",
        "contentHash": "EPvfayB7b7MrBNdASvy86jRS5AbM9dprkVivcRD80g+ngn2M8KAIrBQH4NhyQL+pwxni0xVnuqhD9AFpZeNQpw=="
      },
      "GodotSharpEditor": {
        "type": "Direct",
        "requested": "[4.7.2, )",
        "resolved": "4.7.2",
        "contentHash": "Fuf2rNvajla9N8Z+ksxsSIt326wsjpB2F2uZCtxkdfWIsApabCHy5fsE2EKxOlQ4NaINGdgMIv62D0n583qe1A==",
        "dependencies": {
          "GodotSharp": "4.7.2"
        }
      },
      "Markdig": {
        "type": "Transitive",
        "resolved": "0.34.0",
        "contentHash": "kUS8Y/oW2Cshwq3kv08Lz5hpMjt9MuAaDIGxv86d0RtEUUe4xKKXxdZYS7bV0ZXRfeAAOfjYIrt7zybcIOYvmg=="
      },
      "NAudio.Core": {
        "type": "Transitive",
        "resolved": "2.0.0",
        "contentHash": "knmGOIYbzn9ZGkFcVs5d3zEYvi50jVriyEirVtAHjkcDoo2ziK32bZb7KkFARLD4lhCGkqp6uT0+0fc4JIfQcw=="
      },
      "NAudio.Vorbis": {
        "type": "Transitive",
        "resolved": "1.5.0",
        "contentHash": "llJMmUnFf0FGf4G1FKNftxt+Vc1CvBCSul0Ugbv/RahGbpKF2p+ujSEJHybPjl9b4FjbK8O2vRFIcRGcVfAooA==",
        "dependencies": {
          "NAudio.Core": "2.0.0",
          "NVorbis": "0.10.4"
        }
      },
      "NVorbis": {
        "type": "Transitive",
        "resolved": "0.10.4",
        "contentHash": "WYnil3DhQHzjCY0dM9I2B3r1vWip90AOuQd25KE4NrjPQBg0tBJFluRLm5YPnO5ZLDmwrfosY8jCQGQRmWI/Pg==",
        "dependencies": {
          "System.Memory": "4.5.3",
          "System.ValueTuple": "4.5.0"
        }
      },
      "onslaughtcareereditor.appcore": {
        "type": "Project",
        "dependencies": {
          "Markdig": "[0.34.0, )",
          "NAudio.Vorbis": "[1.5.0, )"
        }
      }
    }
  }
}